{
    "_readme": [
        "This file locks the dependencies of your project to a known state",
        "Read more about it at https://getcomposer.org/doc/01-basic-usage.md#installing-dependencies",
        "This file is @generated automatically"
    ],
    "content-hash": "3a4f4124a39986c83a823595f5b84e47",
    "packages": [
        {
            "name": "magnate/magnate",
            "version": "0.9.3",
            "source": {
                "type": "git",
                "url": "https://github.com/magnatefw/magnate.git",
                "reference": "53e2ec546a970e7fc7f27fd6e1a4f167e56a5d90"
            },
            "dist": {
                "type": "zip",
                "url": "https://api.github.com/repos/magnatefw/magnate/zipball/53e2ec546a970e7fc7f27fd6e1a4f167e56a5d90",
                "reference": "53e2ec546a970e7fc7f27fd6e1a4f167e56a5d90",
                "shasum": ""
            },
            "require": {
                "php": ">=7.4.0"
            },
            "type": "framework",
            "autoload": {
                "psr-4": {
                    "Magnate\\": "src",
                    "Magnate\\Tables\\": "src/tables",
                    "Magnate\\Interfaces\\": "src/interfaces",
                    "Magnate\\Injectors\\": "src/injectors",
                    "Magnate\\Helpers\\": "src/helpers",
                    "Magnate\\Exceptions\\": "src/exceptions"
                }
            },
            "notification-url": "https://packagist.org/downloads/",
            "license": [
                "GPL-3.0"
            ],
            "authors": [
                {
                    "name": "Dmitry Shumilin",
                    "email": "chirontex@yandex.com",
                    "homepage": "https://chirontex.github.io",
                    "role": "Developer"
                }
            ],
            "description": "Framework for WordPress plugin development.",
            "homepage": "https://github.com/magnatefw/magnate",
            "keywords": [
                "activerecord",
                "framework",
                "plugin",
                "wordpress"
            ],
            "support": {
                "issues": "https://github.com/magnatefw/magnate/issues",
                "source": "https://github.com/magnatefw/magnate/tree/0.9.3"
            },
            "time": "2021-05-11T10:20:08+00:00"
        }
    ],
    "packages-dev": [],
    "aliases": [],
    "minimum-stability": "stable",
    "stability-flags": [],
    "prefer-stable": false,
    "prefer-lowest": false,
    "platform": [],
    "platform-dev": [],
    "plugin-api-version": "2.0.0"
}
